{
  "name": "utils",
  "version": "1.0.0",
  "lockfileVersion": 3,
  "requires": true,
  "packages": {
    "": {
      "name": "utils",
      "version": "1.0.0",
      "license": "ISC",
      "dependencies": {
        "pnpm": "^8.15.5"
      }
    },
    "node_modules/pnpm": {
      "version": "8.15.5",
      "resolved": "https://registry.npmmirror.com/pnpm/-/pnpm-8.15.5.tgz",
      "integrity": "sha512-sFGjLH5pWDO4SSbTspuMylclS1ifBknYmcbp0O22cLkex+KkNFm65zdZu1zmGcMmbxFr+THOItHvF1mn5Fqpbw==",
      "bin": {
        "pnpm": "bin/pnpm.cjs",
        "pnpx": "bin/pnpx.cjs"
      },
      "engines": {
        "node": ">=16.14"
      }
    }
  }
}
